
Microsoft Visual Studio Solution File, Format Version 12.00
# Visual Studio Version 17
VisualStudioVersion = 17.10.35122.118
MinimumVisualStudioVersion = 10.0.40219.1
Project("{FAE04EC0-301F-11D3-BF4B-00C04F79EFBC}") = "RegistrationAuthorization", "RegistrationAuthorization.csproj", "{C20DA03C-448A-4E01-9759-090A35C374ED}"
EndProject
Global
	GlobalSection(SolutionConfigurationPlatforms) = preSolution
		Debug|Any CPU = Debug|Any CPU
		Release|Any CPU = Release|Any CPU
	EndGlobalSection
	GlobalSection(ProjectConfigurationPlatforms) = postSolution
		{C20DA03C-448A-4E01-9759-090A35C374ED}.Debug|Any CPU.ActiveCfg = Debug|Any CPU
		{C20DA03C-448A-4E01-9759-090A35C374ED}.Debug|Any CPU.Build.0 = Debug|Any CPU
		{C20DA03C-448A-4E01-9759-090A35C374ED}.Release|Any CPU.ActiveCfg = Release|Any CPU
		{C20DA03C-448A-4E01-9759-090A35C374ED}.Release|Any CPU.Build.0 = Release|Any CPU
	EndGlobalSection
	GlobalSection(SolutionProperties) = preSolution
		HideSolutionNode = FALSE
	EndGlobalSection
	GlobalSection(ExtensibilityGlobals) = postSolution
		SolutionGuid = {12795914-25F4-43DF-9EE6-95D2657190CE}
	EndGlobalSection
EndGlobal
